{
  "name": "teddy",
  "lockfileVersion": 3,
  "requires": true,
  "packages": {
    "": {
      "devDependencies": {
        "@webgpu/types": "^0.1.60"
      }
    },
    "node_modules/@webgpu/types": {
      "version": "0.1.60",
      "resolved": "https://registry.npmjs.org/@webgpu/types/-/types-0.1.60.tgz",
      "integrity": "sha512-8B/tdfRFKdrnejqmvq95ogp8tf52oZ51p3f4QD5m5Paey/qlX4Rhhy5Y8tgFMi7Ms70HzcMMw3EQjH/jdhTwlA==",
      "dev": true,
      "license": "BSD-3-Clause"
    }
  }
}
